
Microsoft Visual Studio Solution File, Format Version 12.00
# Visual Studio 15
VisualStudioVersion = 15.0.28307.779
MinimumVisualStudioVersion = 10.0.40219.1
Project("{2150E333-8FDC-42A3-9474-1A3956D46DE8}") = "Client", "Client", "{F9AF0368-3858-4291-B72E-3F69787618F8}"
EndProject
Project("{2150E333-8FDC-42A3-9474-1A3956D46DE8}") = "Server", "Server", "{9948BF91-4B12-4CCA-8DD5-FACE0124B012}"
EndProject
Project("{9A19103F-16F7-4668-BE54-9A1E7A4F7556}") = "AutoUpgrade.Net.Server", "AutoUpgrade.Net.Server\AutoUpgrade.Net.Server.csproj", "{00D46BDE-E12E-41E4-B08F-B502473B96FF}"
EndProject
Project("{9A19103F-16F7-4668-BE54-9A1E7A4F7556}") = "AutoUpgrade.Net", "AutoUpgrade.Net\AutoUpgrade.Net.csproj", "{8E1B648A-FE0A-4062-ACA4-AAAEBB9583B1}"
EndProject
Project("{2150E333-8FDC-42A3-9474-1A3956D46DE8}") = "Release", "Release", "{AF3C2034-BB4B-4CE8-8602-769A388E5A6F}"
EndProject
Project("{FAE04EC0-301F-11D3-BF4B-00C04F79EFBC}") = "AutoUpgrade.Net.Release", "AutoUpgrade.Net.Release\AutoUpgrade.Net.Release.csproj", "{57F328B8-2C2B-4F59-ACD9-8D79A771FD48}"
EndProject
Project("{FAE04EC0-301F-11D3-BF4B-00C04F79EFBC}") = "AutoUpgrade.Net.Client.Winform", "AutoUpgrade.Net.Client.Winform\AutoUpgrade.Net.Client.Winform.csproj", "{63D46998-7985-4794-89A8-8B162FA7E391}"
EndProject
Project("{FAE04EC0-301F-11D3-BF4B-00C04F79EFBC}") = "AutoUpgrade.Net.Client", "AutoUpgrade.Net.Client\AutoUpgrade.Net.Client.csproj", "{B72030E1-58C2-4F18-A3A9-605E4BF8625E}"
EndProject
Project("{FAE04EC0-301F-11D3-BF4B-00C04F79EFBC}") = "WebApplication1", "WebApplication1\WebApplication1.csproj", "{FD32794A-89C9-45A8-9F92-F8D2314247C0}"
EndProject
Project("{FAE04EC0-301F-11D3-BF4B-00C04F79EFBC}") = "AutoUpgrade.Net.Client.WPF", "AutoUpgrade.Net.Client.WPF\AutoUpgrade.Net.Client.WPF.csproj", "{06452016-9101-4AED-B5CD-D894872677FF}"
EndProject
Global
	GlobalSection(SolutionConfigurationPlatforms) = preSolution
		Debug|Any CPU = Debug|Any CPU
		Release|Any CPU = Release|Any CPU
	EndGlobalSection
	GlobalSection(ProjectConfigurationPlatforms) = postSolution
		{00D46BDE-E12E-41E4-B08F-B502473B96FF}.Debug|Any CPU.ActiveCfg = Debug|Any CPU
		{00D46BDE-E12E-41E4-B08F-B502473B96FF}.Debug|Any CPU.Build.0 = Debug|Any CPU
		{00D46BDE-E12E-41E4-B08F-B502473B96FF}.Release|Any CPU.ActiveCfg = Release|Any CPU
		{00D46BDE-E12E-41E4-B08F-B502473B96FF}.Release|Any CPU.Build.0 = Release|Any CPU
		{8E1B648A-FE0A-4062-ACA4-AAAEBB9583B1}.Debug|Any CPU.ActiveCfg = Debug|Any CPU
		{8E1B648A-FE0A-4062-ACA4-AAAEBB9583B1}.Debug|Any CPU.Build.0 = Debug|Any CPU
		{8E1B648A-FE0A-4062-ACA4-AAAEBB9583B1}.Release|Any CPU.ActiveCfg = Release|Any CPU
		{8E1B648A-FE0A-4062-ACA4-AAAEBB9583B1}.Release|Any CPU.Build.0 = Release|Any CPU
		{57F328B8-2C2B-4F59-ACD9-8D79A771FD48}.Debug|Any CPU.ActiveCfg = Debug|Any CPU
		{57F328B8-2C2B-4F59-ACD9-8D79A771FD48}.Debug|Any CPU.Build.0 = Debug|Any CPU
		{57F328B8-2C2B-4F59-ACD9-8D79A771FD48}.Release|Any CPU.ActiveCfg = Release|Any CPU
		{57F328B8-2C2B-4F59-ACD9-8D79A771FD48}.Release|Any CPU.Build.0 = Release|Any CPU
		{63D46998-7985-4794-89A8-8B162FA7E391}.Debug|Any CPU.ActiveCfg = Debug|Any CPU
		{63D46998-7985-4794-89A8-8B162FA7E391}.Debug|Any CPU.Build.0 = Debug|Any CPU
		{63D46998-7985-4794-89A8-8B162FA7E391}.Release|Any CPU.ActiveCfg = Release|Any CPU
		{63D46998-7985-4794-89A8-8B162FA7E391}.Release|Any CPU.Build.0 = Release|Any CPU
		{B72030E1-58C2-4F18-A3A9-605E4BF8625E}.Debug|Any CPU.ActiveCfg = Debug|Any CPU
		{B72030E1-58C2-4F18-A3A9-605E4BF8625E}.Debug|Any CPU.Build.0 = Debug|Any CPU
		{B72030E1-58C2-4F18-A3A9-605E4BF8625E}.Release|Any CPU.ActiveCfg = Release|Any CPU
		{B72030E1-58C2-4F18-A3A9-605E4BF8625E}.Release|Any CPU.Build.0 = Release|Any CPU
		{FD32794A-89C9-45A8-9F92-F8D2314247C0}.Debug|Any CPU.ActiveCfg = Debug|Any CPU
		{FD32794A-89C9-45A8-9F92-F8D2314247C0}.Debug|Any CPU.Build.0 = Debug|Any CPU
		{FD32794A-89C9-45A8-9F92-F8D2314247C0}.Release|Any CPU.ActiveCfg = Release|Any CPU
		{FD32794A-89C9-45A8-9F92-F8D2314247C0}.Release|Any CPU.Build.0 = Release|Any CPU
		{06452016-9101-4AED-B5CD-D894872677FF}.Debug|Any CPU.ActiveCfg = Debug|Any CPU
		{06452016-9101-4AED-B5CD-D894872677FF}.Debug|Any CPU.Build.0 = Debug|Any CPU
		{06452016-9101-4AED-B5CD-D894872677FF}.Release|Any CPU.ActiveCfg = Release|Any CPU
		{06452016-9101-4AED-B5CD-D894872677FF}.Release|Any CPU.Build.0 = Release|Any CPU
	EndGlobalSection
	GlobalSection(SolutionProperties) = preSolution
		HideSolutionNode = FALSE
	EndGlobalSection
	GlobalSection(NestedProjects) = preSolution
		{00D46BDE-E12E-41E4-B08F-B502473B96FF} = {9948BF91-4B12-4CCA-8DD5-FACE0124B012}
		{57F328B8-2C2B-4F59-ACD9-8D79A771FD48} = {AF3C2034-BB4B-4CE8-8602-769A388E5A6F}
		{63D46998-7985-4794-89A8-8B162FA7E391} = {F9AF0368-3858-4291-B72E-3F69787618F8}
		{B72030E1-58C2-4F18-A3A9-605E4BF8625E} = {F9AF0368-3858-4291-B72E-3F69787618F8}
		{FD32794A-89C9-45A8-9F92-F8D2314247C0} = {9948BF91-4B12-4CCA-8DD5-FACE0124B012}
		{06452016-9101-4AED-B5CD-D894872677FF} = {F9AF0368-3858-4291-B72E-3F69787618F8}
	EndGlobalSection
	GlobalSection(ExtensibilityGlobals) = postSolution
		SolutionGuid = {5AC682DC-61F6-40E3-BD01-C331A379E3EE}
	EndGlobalSection
EndGlobal
