
Microsoft Visual Studio Solution File, Format Version 12.00
# Visual Studio 15
VisualStudioVersion = 15.0.28307.779
MinimumVisualStudioVersion = 10.0.40219.1
Project("{2150E333-8FDC-42A3-9474-1A3956D46DE8}") = "Client", "Client", "{F9AF0368-3858-4291-B72E-3F69787618F8}"
EndProject
Project("{9A19103F-16F7-4668-BE54-9A1E7A4F7556}") = "AutoUpgrade.Net.Client", "AutoUpgrade.Net.Client\AutoUpgrade.Net.Client.csproj", "{A229D6AF-F453-4BF6-A0FA-3600B55E2C60}"
EndProject
Project("{2150E333-8FDC-42A3-9474-1A3956D46DE8}") = "Server", "Server", "{9948BF91-4B12-4CCA-8DD5-FACE0124B012}"
EndProject
Project("{9A19103F-16F7-4668-BE54-9A1E7A4F7556}") = "AutoUpgrade.Net.Server", "AutoUpgrade.Net.Server\AutoUpgrade.Net.Server.csproj", "{00D46BDE-E12E-41E4-B08F-B502473B96FF}"
EndProject
Project("{9A19103F-16F7-4668-BE54-9A1E7A4F7556}") = "AutoUpgrade.Net", "AutoUpgrade.Net\AutoUpgrade.Net.csproj", "{8E1B648A-FE0A-4062-ACA4-AAAEBB9583B1}"
EndProject
Project("{2150E333-8FDC-42A3-9474-1A3956D46DE8}") = "Release", "Release", "{AF3C2034-BB4B-4CE8-8602-769A388E5A6F}"
EndProject
Project("{FAE04EC0-301F-11D3-BF4B-00C04F79EFBC}") = "AutoUpgrade.Net.Release", "AutoUpgrade.Net.Release\AutoUpgrade.Net.Release.csproj", "{57F328B8-2C2B-4F59-ACD9-8D79A771FD48}"
EndProject
Project("{FAE04EC0-301F-11D3-BF4B-00C04F79EFBC}") = "WindowsFormsApp1", "WindowsFormsApp1\WindowsFormsApp1.csproj", "{F14AF4D9-E3CD-447C-85E9-FED4D223F083}"
EndProject
Global
	GlobalSection(SolutionConfigurationPlatforms) = preSolution
		Debug|Any CPU = Debug|Any CPU
		Release|Any CPU = Release|Any CPU
	EndGlobalSection
	GlobalSection(ProjectConfigurationPlatforms) = postSolution
		{A229D6AF-F453-4BF6-A0FA-3600B55E2C60}.Debug|Any CPU.ActiveCfg = Debug|Any CPU
		{A229D6AF-F453-4BF6-A0FA-3600B55E2C60}.Debug|Any CPU.Build.0 = Debug|Any CPU
		{A229D6AF-F453-4BF6-A0FA-3600B55E2C60}.Release|Any CPU.ActiveCfg = Release|Any CPU
		{A229D6AF-F453-4BF6-A0FA-3600B55E2C60}.Release|Any CPU.Build.0 = Release|Any CPU
		{00D46BDE-E12E-41E4-B08F-B502473B96FF}.Debug|Any CPU.ActiveCfg = Debug|Any CPU
		{00D46BDE-E12E-41E4-B08F-B502473B96FF}.Debug|Any CPU.Build.0 = Debug|Any CPU
		{00D46BDE-E12E-41E4-B08F-B502473B96FF}.Release|Any CPU.ActiveCfg = Release|Any CPU
		{00D46BDE-E12E-41E4-B08F-B502473B96FF}.Release|Any CPU.Build.0 = Release|Any CPU
		{8E1B648A-FE0A-4062-ACA4-AAAEBB9583B1}.Debug|Any CPU.ActiveCfg = Debug|Any CPU
		{8E1B648A-FE0A-4062-ACA4-AAAEBB9583B1}.Debug|Any CPU.Build.0 = Debug|Any CPU
		{8E1B648A-FE0A-4062-ACA4-AAAEBB9583B1}.Release|Any CPU.ActiveCfg = Release|Any CPU
		{8E1B648A-FE0A-4062-ACA4-AAAEBB9583B1}.Release|Any CPU.Build.0 = Release|Any CPU
		{57F328B8-2C2B-4F59-ACD9-8D79A771FD48}.Debug|Any CPU.ActiveCfg = Debug|Any CPU
		{57F328B8-2C2B-4F59-ACD9-8D79A771FD48}.Debug|Any CPU.Build.0 = Debug|Any CPU
		{57F328B8-2C2B-4F59-ACD9-8D79A771FD48}.Release|Any CPU.ActiveCfg = Release|Any CPU
		{57F328B8-2C2B-4F59-ACD9-8D79A771FD48}.Release|Any CPU.Build.0 = Release|Any CPU
		{F14AF4D9-E3CD-447C-85E9-FED4D223F083}.Debug|Any CPU.ActiveCfg = Debug|Any CPU
		{F14AF4D9-E3CD-447C-85E9-FED4D223F083}.Debug|Any CPU.Build.0 = Debug|Any CPU
		{F14AF4D9-E3CD-447C-85E9-FED4D223F083}.Release|Any CPU.ActiveCfg = Release|Any CPU
		{F14AF4D9-E3CD-447C-85E9-FED4D223F083}.Release|Any CPU.Build.0 = Release|Any CPU
	EndGlobalSection
	GlobalSection(SolutionProperties) = preSolution
		HideSolutionNode = FALSE
	EndGlobalSection
	GlobalSection(NestedProjects) = preSolution
		{A229D6AF-F453-4BF6-A0FA-3600B55E2C60} = {F9AF0368-3858-4291-B72E-3F69787618F8}
		{00D46BDE-E12E-41E4-B08F-B502473B96FF} = {9948BF91-4B12-4CCA-8DD5-FACE0124B012}
		{57F328B8-2C2B-4F59-ACD9-8D79A771FD48} = {AF3C2034-BB4B-4CE8-8602-769A388E5A6F}
	EndGlobalSection
	GlobalSection(ExtensibilityGlobals) = postSolution
		SolutionGuid = {5AC682DC-61F6-40E3-BD01-C331A379E3EE}
	EndGlobalSection
EndGlobal
